
Microsoft Visual Studio Solution File, Format Version 12.00
# Visual Studio Version 16
VisualStudioVersion = 16.0.31729.503
MinimumVisualStudioVersion = 10.0.40219.1
Project("{FAE04EC0-301F-11D3-BF4B-00C04F79EFBC}") = "Function", "Function\Function.csproj", "{B161945E-619A-4D17-9DCF-4692E4A24EF3}"
EndProject
Global
	GlobalSection(SolutionConfigurationPlatforms) = preSolution
		Debug|Any CPU = Debug|Any CPU
		Release|Any CPU = Release|Any CPU
	EndGlobalSection
	GlobalSection(ProjectConfigurationPlatforms) = postSolution
		{B161945E-619A-4D17-9DCF-4692E4A24EF3}.Debug|Any CPU.ActiveCfg = Debug|Any CPU
		{B161945E-619A-4D17-9DCF-4692E4A24EF3}.Debug|Any CPU.Build.0 = Debug|Any CPU
		{B161945E-619A-4D17-9DCF-4692E4A24EF3}.Release|Any CPU.ActiveCfg = Release|Any CPU
		{B161945E-619A-4D17-9DCF-4692E4A24EF3}.Release|Any CPU.Build.0 = Release|Any CPU
	EndGlobalSection
	GlobalSection(SolutionProperties) = preSolution
		HideSolutionNode = FALSE
	EndGlobalSection
	GlobalSection(ExtensibilityGlobals) = postSolution
		SolutionGuid = {A1F0BE24-55F7-46E2-AC32-F792F27615DD}
	EndGlobalSection
EndGlobal
